
Microsoft Visual Studio Solution File, Format Version 12.00
# Visual Studio 14
VisualStudioVersion = 14.0.25420.1
MinimumVisualStudioVersion = 10.0.40219.1
Project("{FAE04EC0-301F-11D3-BF4B-00C04F79EFBC}") = "EFDemo", "EFDemo\EFDemo.csproj", "{D32C058F-BB17-4036-99B1-E5745DA4519F}"
EndProject
Project("{FAE04EC0-301F-11D3-BF4B-00C04F79EFBC}") = "EFDemo.Tests", "EFDemo.Tests\EFDemo.Tests.csproj", "{2B4F3FBA-38EA-474F-B77F-EF1F9D8BFF42}"
EndProject
Global
	GlobalSection(SolutionConfigurationPlatforms) = preSolution
		Debug|Any CPU = Debug|Any CPU
		Release|Any CPU = Release|Any CPU
	EndGlobalSection
	GlobalSection(ProjectConfigurationPlatforms) = postSolution
		{D32C058F-BB17-4036-99B1-E5745DA4519F}.Debug|Any CPU.ActiveCfg = Debug|Any CPU
		{D32C058F-BB17-4036-99B1-E5745DA4519F}.Debug|Any CPU.Build.0 = Debug|Any CPU
		{D32C058F-BB17-4036-99B1-E5745DA4519F}.Release|Any CPU.ActiveCfg = Release|Any CPU
		{D32C058F-BB17-4036-99B1-E5745DA4519F}.Release|Any CPU.Build.0 = Release|Any CPU
		{2B4F3FBA-38EA-474F-B77F-EF1F9D8BFF42}.Debug|Any CPU.ActiveCfg = Debug|Any CPU
		{2B4F3FBA-38EA-474F-B77F-EF1F9D8BFF42}.Debug|Any CPU.Build.0 = Debug|Any CPU
		{2B4F3FBA-38EA-474F-B77F-EF1F9D8BFF42}.Release|Any CPU.ActiveCfg = Release|Any CPU
		{2B4F3FBA-38EA-474F-B77F-EF1F9D8BFF42}.Release|Any CPU.Build.0 = Release|Any CPU
	EndGlobalSection
	GlobalSection(SolutionProperties) = preSolution
		HideSolutionNode = FALSE
	EndGlobalSection
EndGlobal
